{
  "version": 4,
  "terraform_version": "1.2.5",
  "serial": 127,
  "lineage": "c3f00c1c-1e45-e1ed-368f-204a5064397f",
  "outputs": {},
  "resources": [
    {
      "mode": "managed",
      "type": "azurerm_availability_set",
      "name": "main",
      "provider": "provider[\"registry.terraform.io/hashicorp/azurerm\"]",
      "instances": [
        {
          "schema_version": 0,
          "attributes": {
            "id": "/subscriptions/7c7d6a08-6630-41e6-9087-a19703fef514/resourceGroups/Azuredevops/providers/Microsoft.Compute/availabilitySets/TestWebServerWithTF-aset",
            "location": "eastus",
            "managed": true,
            "name": "TestWebServerWithTF-aset",
            "platform_fault_domain_count": 3,
            "platform_update_domain_count": 5,
            "proximity_placement_group_id": null,
            "resource_group_name": "Azuredevops",
            "tags": {
              "environment": "Production"
            },
            "timeouts": null
          },
          "sensitive_attributes": [],
          "private": "eyJlMmJmYjczMC1lY2FhLTExZTYtOGY4OC0zNDM2M2JjN2M0YzAiOnsiY3JlYXRlIjoxODAwMDAwMDAwMDAwLCJkZWxldGUiOjE4MDAwMDAwMDAwMDAsInJlYWQiOjMwMDAwMDAwMDAwMCwidXBkYXRlIjoxODAwMDAwMDAwMDAwfX0="
        }
      ]
    },
    {
      "mode": "managed",
      "type": "azurerm_lb",
      "name": "main",
      "provider": "provider[\"registry.terraform.io/hashicorp/azurerm\"]",
      "instances": [
        {
          "schema_version": 0,
          "attributes": {
            "edge_zone": "",
            "frontend_ip_configuration": [
              {
                "gateway_load_balancer_frontend_ip_configuration_id": "",
                "id": "/subscriptions/7c7d6a08-6630-41e6-9087-a19703fef514/resourceGroups/Azuredevops/providers/Microsoft.Network/loadBalancers/TestWebServerWithTF-lb/frontendIPConfigurations/TestWebServerWithTF-frontend-ip",
                "inbound_nat_rules": [],
                "load_balancer_rules": [],
                "name": "TestWebServerWithTF-frontend-ip",
                "outbound_rules": [],
                "private_ip_address": "",
                "private_ip_address_allocation": "Dynamic",
                "private_ip_address_version": "",
                "public_ip_address_id": "/subscriptions/7c7d6a08-6630-41e6-9087-a19703fef514/resourceGroups/Azuredevops/providers/Microsoft.Network/publicIPAddresses/TestWebServerWithTF-pip",
                "public_ip_prefix_id": "",
                "subnet_id": "",
                "zones": []
              }
            ],
            "id": "/subscriptions/7c7d6a08-6630-41e6-9087-a19703fef514/resourceGroups/Azuredevops/providers/Microsoft.Network/loadBalancers/TestWebServerWithTF-lb",
            "location": "eastus",
            "name": "TestWebServerWithTF-lb",
            "private_ip_address": "",
            "private_ip_addresses": [],
            "resource_group_name": "Azuredevops",
            "sku": "Basic",
            "sku_tier": "Regional",
            "tags": {
              "environment": "Production"
            },
            "timeouts": null
          },
          "sensitive_attributes": [],
          "private": "eyJlMmJmYjczMC1lY2FhLTExZTYtOGY4OC0zNDM2M2JjN2M0YzAiOnsiY3JlYXRlIjoxODAwMDAwMDAwMDAwLCJkZWxldGUiOjE4MDAwMDAwMDAwMDAsInJlYWQiOjMwMDAwMDAwMDAwMCwidXBkYXRlIjoxODAwMDAwMDAwMDAwfX0=",
          "dependencies": [
            "azurerm_public_ip.main"
          ]
        }
      ]
    },
    {
      "mode": "managed",
      "type": "azurerm_lb_backend_address_pool",
      "name": "main",
      "provider": "provider[\"registry.terraform.io/hashicorp/azurerm\"]",
      "instances": [
        {
          "schema_version": 0,
          "attributes": {
            "backend_ip_configurations": [
              "/subscriptions/7c7d6a08-6630-41e6-9087-a19703fef514/resourceGroups/Azuredevops/providers/Microsoft.Network/networkInterfaces/TestWebServerWithTF-nic/ipConfigurations/internal"
            ],
            "id": "/subscriptions/7c7d6a08-6630-41e6-9087-a19703fef514/resourceGroups/Azuredevops/providers/Microsoft.Network/loadBalancers/TestWebServerWithTF-lb/backendAddressPools/TestWebServerWithTF-bap",
            "inbound_nat_rules": [],
            "load_balancing_rules": [],
            "loadbalancer_id": "/subscriptions/7c7d6a08-6630-41e6-9087-a19703fef514/resourceGroups/Azuredevops/providers/Microsoft.Network/loadBalancers/TestWebServerWithTF-lb",
            "name": "TestWebServerWithTF-bap",
            "outbound_rules": [],
            "timeouts": null,
            "tunnel_interface": []
          },
          "sensitive_attributes": [],
          "private": "eyJlMmJmYjczMC1lY2FhLTExZTYtOGY4OC0zNDM2M2JjN2M0YzAiOnsiY3JlYXRlIjoxODAwMDAwMDAwMDAwLCJkZWxldGUiOjE4MDAwMDAwMDAwMDAsInJlYWQiOjMwMDAwMDAwMDAwMCwidXBkYXRlIjoxODAwMDAwMDAwMDAwfX0=",
          "dependencies": [
            "azurerm_lb.main",
            "azurerm_public_ip.main"
          ]
        }
      ]
    },
    {
      "mode": "managed",
      "type": "azurerm_linux_virtual_machine",
      "name": "main",
      "provider": "provider[\"registry.terraform.io/hashicorp/azurerm\"]",
      "instances": [
        {
          "index_key": 0,
          "schema_version": 0,
          "attributes": {
            "additional_capabilities": [],
            "admin_password": "WQEDWQc#@!0",
            "admin_ssh_key": [],
            "admin_username": "amro",
            "allow_extension_operations": true,
            "availability_set_id": "/subscriptions/7c7d6a08-6630-41e6-9087-a19703fef514/resourceGroups/Azuredevops/providers/Microsoft.Compute/availabilitySets/TESTWEBSERVERWITHTF-ASET",
            "boot_diagnostics": [],
            "capacity_reservation_group_id": "",
            "computer_name": "TestWebServerWithTF-vm-0",
            "custom_data": null,
            "dedicated_host_group_id": "",
            "dedicated_host_id": "",
            "disable_password_authentication": false,
            "edge_zone": "",
            "encryption_at_host_enabled": false,
            "eviction_policy": "",
            "extensions_time_budget": "PT1H30M",
            "id": "/subscriptions/7c7d6a08-6630-41e6-9087-a19703fef514/resourceGroups/Azuredevops/providers/Microsoft.Compute/virtualMachines/TestWebServerWithTF-vm-0",
            "identity": [],
            "license_type": "",
            "location": "eastus",
            "max_bid_price": -1,
            "name": "TestWebServerWithTF-vm-0",
            "network_interface_ids": [
              "/subscriptions/7c7d6a08-6630-41e6-9087-a19703fef514/resourceGroups/Azuredevops/providers/Microsoft.Network/networkInterfaces/TestWebServerWithTF-nic"
            ],
            "os_disk": [
              {
                "caching": "ReadWrite",
                "diff_disk_settings": [],
                "disk_encryption_set_id": "",
                "disk_size_gb": 30,
                "name": "TestWebServerWithTF-vm-0_disk1_088d99e096ff47118df5e07d3f08c23b",
                "secure_vm_disk_encryption_set_id": "",
                "security_encryption_type": "",
                "storage_account_type": "Standard_LRS",
                "write_accelerator_enabled": false
              }
            ],
            "patch_mode": "ImageDefault",
            "plan": [],
            "platform_fault_domain": -1,
            "priority": "Regular",
            "private_ip_address": "10.0.2.4",
            "private_ip_addresses": [
              "10.0.2.4"
            ],
            "provision_vm_agent": true,
            "proximity_placement_group_id": "",
            "public_ip_address": "",
            "public_ip_addresses": [],
            "resource_group_name": "Azuredevops",
            "secret": [],
            "secure_boot_enabled": false,
            "size": "Standard_D2s_v3",
            "source_image_id": "/subscriptions/7c7d6a08-6630-41e6-9087-a19703fef514/resourceGroups/Azuredevops/providers/Microsoft.Compute/images/UbuntuPackerImage",
            "source_image_reference": [],
            "tags": {
              "environment": "Production"
            },
            "termination_notification": [],
            "timeouts": null,
            "user_data": "",
            "virtual_machine_id": "649d4448-ff47-499c-9aea-569f4f895b31",
            "virtual_machine_scale_set_id": "",
            "vtpm_enabled": false,
            "zone": ""
          },
          "sensitive_attributes": [],
          "private": "eyJlMmJmYjczMC1lY2FhLTExZTYtOGY4OC0zNDM2M2JjN2M0YzAiOnsiY3JlYXRlIjoyNzAwMDAwMDAwMDAwLCJkZWxldGUiOjI3MDAwMDAwMDAwMDAsInJlYWQiOjMwMDAwMDAwMDAwMCwidXBkYXRlIjoyNzAwMDAwMDAwMDAwfX0=",
          "dependencies": [
            "azurerm_availability_set.main",
            "azurerm_network_interface.main",
            "azurerm_subnet.internal",
            "azurerm_virtual_network.main"
          ]
        }
      ]
    },
    {
      "mode": "managed",
      "type": "azurerm_network_interface",
      "name": "main",
      "provider": "provider[\"registry.terraform.io/hashicorp/azurerm\"]",
      "instances": [
        {
          "index_key": 0,
          "schema_version": 0,
          "attributes": {
            "applied_dns_servers": [],
            "dns_servers": [],
            "edge_zone": "",
            "enable_accelerated_networking": false,
            "enable_ip_forwarding": false,
            "id": "/subscriptions/7c7d6a08-6630-41e6-9087-a19703fef514/resourceGroups/Azuredevops/providers/Microsoft.Network/networkInterfaces/TestWebServerWithTF-nic",
            "internal_dns_name_label": "",
            "internal_domain_name_suffix": "gmaqdjtywswuvinfhqatsb0v0h.bx.internal.cloudapp.net",
            "ip_configuration": [
              {
                "gateway_load_balancer_frontend_ip_configuration_id": "",
                "name": "internal",
                "primary": true,
                "private_ip_address": "10.0.2.4",
                "private_ip_address_allocation": "Dynamic",
                "private_ip_address_version": "IPv4",
                "public_ip_address_id": "",
                "subnet_id": "/subscriptions/7c7d6a08-6630-41e6-9087-a19703fef514/resourceGroups/Azuredevops/providers/Microsoft.Network/virtualNetworks/TestWebServerWithTF-network/subnets/internal"
              }
            ],
            "location": "eastus",
            "mac_address": "00-22-48-1D-12-39",
            "name": "TestWebServerWithTF-nic",
            "private_ip_address": "10.0.2.4",
            "private_ip_addresses": [
              "10.0.2.4"
            ],
            "resource_group_name": "Azuredevops",
            "tags": {
              "environment": "Production"
            },
            "timeouts": null,
            "virtual_machine_id": "/subscriptions/7c7d6a08-6630-41e6-9087-a19703fef514/resourceGroups/Azuredevops/providers/Microsoft.Compute/virtualMachines/TestWebServerWithTF-vm-0"
          },
          "sensitive_attributes": [],
          "private": "eyJlMmJmYjczMC1lY2FhLTExZTYtOGY4OC0zNDM2M2JjN2M0YzAiOnsiY3JlYXRlIjoxODAwMDAwMDAwMDAwLCJkZWxldGUiOjE4MDAwMDAwMDAwMDAsInJlYWQiOjMwMDAwMDAwMDAwMCwidXBkYXRlIjoxODAwMDAwMDAwMDAwfX0=",
          "dependencies": [
            "azurerm_subnet.internal",
            "azurerm_virtual_network.main"
          ]
        },
        {
          "index_key": 1,
          "schema_version": 0,
          "attributes": {
            "applied_dns_servers": [],
            "dns_servers": [],
            "edge_zone": "",
            "enable_accelerated_networking": false,
            "enable_ip_forwarding": false,
            "id": "/subscriptions/7c7d6a08-6630-41e6-9087-a19703fef514/resourceGroups/Azuredevops/providers/Microsoft.Network/networkInterfaces/TestWebServerWithTF-nic-1",
            "internal_dns_name_label": "",
            "internal_domain_name_suffix": "gmaqdjtywswuvinfhqatsb0v0h.bx.internal.cloudapp.net",
            "ip_configuration": [
              {
                "gateway_load_balancer_frontend_ip_configuration_id": "",
                "name": "internal",
                "primary": true,
                "private_ip_address": "10.0.2.6",
                "private_ip_address_allocation": "Dynamic",
                "private_ip_address_version": "IPv4",
                "public_ip_address_id": "",
                "subnet_id": "/subscriptions/7c7d6a08-6630-41e6-9087-a19703fef514/resourceGroups/Azuredevops/providers/Microsoft.Network/virtualNetworks/TestWebServerWithTF-network/subnets/internal"
              }
            ],
            "location": "eastus",
            "mac_address": "",
            "name": "TestWebServerWithTF-nic-1",
            "private_ip_address": "10.0.2.6",
            "private_ip_addresses": [
              "10.0.2.6"
            ],
            "resource_group_name": "Azuredevops",
            "tags": {
              "environment": "Production"
            },
            "timeouts": null,
            "virtual_machine_id": ""
          },
          "sensitive_attributes": [],
          "private": "eyJlMmJmYjczMC1lY2FhLTExZTYtOGY4OC0zNDM2M2JjN2M0YzAiOnsiY3JlYXRlIjoxODAwMDAwMDAwMDAwLCJkZWxldGUiOjE4MDAwMDAwMDAwMDAsInJlYWQiOjMwMDAwMDAwMDAwMCwidXBkYXRlIjoxODAwMDAwMDAwMDAwfX0=",
          "dependencies": [
            "azurerm_subnet.internal"
          ]
        },
        {
          "index_key": 2,
          "schema_version": 0,
          "attributes": {
            "applied_dns_servers": [],
            "dns_servers": [],
            "edge_zone": "",
            "enable_accelerated_networking": false,
            "enable_ip_forwarding": false,
            "id": "/subscriptions/7c7d6a08-6630-41e6-9087-a19703fef514/resourceGroups/Azuredevops/providers/Microsoft.Network/networkInterfaces/TestWebServerWithTF-nic-2",
            "internal_dns_name_label": "",
            "internal_domain_name_suffix": "gmaqdjtywswuvinfhqatsb0v0h.bx.internal.cloudapp.net",
            "ip_configuration": [
              {
                "gateway_load_balancer_frontend_ip_configuration_id": "",
                "name": "internal",
                "primary": true,
                "private_ip_address": "10.0.2.5",
                "private_ip_address_allocation": "Dynamic",
                "private_ip_address_version": "IPv4",
                "public_ip_address_id": "",
                "subnet_id": "/subscriptions/7c7d6a08-6630-41e6-9087-a19703fef514/resourceGroups/Azuredevops/providers/Microsoft.Network/virtualNetworks/TestWebServerWithTF-network/subnets/internal"
              }
            ],
            "location": "eastus",
            "mac_address": "",
            "name": "TestWebServerWithTF-nic-2",
            "private_ip_address": "10.0.2.5",
            "private_ip_addresses": [
              "10.0.2.5"
            ],
            "resource_group_name": "Azuredevops",
            "tags": {
              "environment": "Production"
            },
            "timeouts": null,
            "virtual_machine_id": ""
          },
          "sensitive_attributes": [],
          "private": "eyJlMmJmYjczMC1lY2FhLTExZTYtOGY4OC0zNDM2M2JjN2M0YzAiOnsiY3JlYXRlIjoxODAwMDAwMDAwMDAwLCJkZWxldGUiOjE4MDAwMDAwMDAwMDAsInJlYWQiOjMwMDAwMDAwMDAwMCwidXBkYXRlIjoxODAwMDAwMDAwMDAwfX0=",
          "dependencies": [
            "azurerm_subnet.internal"
          ]
        }
      ]
    },
    {
      "mode": "managed",
      "type": "azurerm_network_security_group",
      "name": "main",
      "provider": "provider[\"registry.terraform.io/hashicorp/azurerm\"]",
      "instances": [
        {
          "schema_version": 0,
          "attributes": {
            "id": "/subscriptions/7c7d6a08-6630-41e6-9087-a19703fef514/resourceGroups/Azuredevops/providers/Microsoft.Network/networkSecurityGroups/TestWebServerWithTF-nsg",
            "location": "eastus",
            "name": "TestWebServerWithTF-nsg",
            "resource_group_name": "Azuredevops",
            "security_rule": [
              {
                "access": "Allow",
                "description": "",
                "destination_address_prefix": "VirtualNetwork",
                "destination_address_prefixes": [],
                "destination_application_security_group_ids": [],
                "destination_port_range": "*",
                "destination_port_ranges": [],
                "direction": "Inbound",
                "name": "TestWebServerWithTF-nsg-vm-rule",
                "priority": 100,
                "protocol": "Tcp",
                "source_address_prefix": "VirtualNetwork",
                "source_address_prefixes": [],
                "source_application_security_group_ids": [],
                "source_port_range": "*",
                "source_port_ranges": []
              },
              {
                "access": "Deny",
                "description": "",
                "destination_address_prefix": "*",
                "destination_address_prefixes": [],
                "destination_application_security_group_ids": [],
                "destination_port_range": "*",
                "destination_port_ranges": [],
                "direction": "Inbound",
                "name": "TestWebServerWithTF-nsg-internet-rule",
                "priority": 200,
                "protocol": "Tcp",
                "source_address_prefix": "Internet",
                "source_address_prefixes": [],
                "source_application_security_group_ids": [],
                "source_port_range": "*",
                "source_port_ranges": []
              }
            ],
            "tags": {
              "environment": "Production"
            },
            "timeouts": null
          },
          "sensitive_attributes": [],
          "private": "eyJlMmJmYjczMC1lY2FhLTExZTYtOGY4OC0zNDM2M2JjN2M0YzAiOnsiY3JlYXRlIjoxODAwMDAwMDAwMDAwLCJkZWxldGUiOjE4MDAwMDAwMDAwMDAsInJlYWQiOjMwMDAwMDAwMDAwMCwidXBkYXRlIjoxODAwMDAwMDAwMDAwfX0="
        }
      ]
    },
    {
      "mode": "managed",
      "type": "azurerm_public_ip",
      "name": "main",
      "provider": "provider[\"registry.terraform.io/hashicorp/azurerm\"]",
      "instances": [
        {
          "schema_version": 0,
          "attributes": {
            "allocation_method": "Static",
            "domain_name_label": null,
            "edge_zone": "",
            "fqdn": null,
            "id": "/subscriptions/7c7d6a08-6630-41e6-9087-a19703fef514/resourceGroups/Azuredevops/providers/Microsoft.Network/publicIPAddresses/TestWebServerWithTF-pip",
            "idle_timeout_in_minutes": 4,
            "ip_address": "40.114.80.12",
            "ip_tags": {},
            "ip_version": "IPv4",
            "location": "eastus",
            "name": "TestWebServerWithTF-pip",
            "public_ip_prefix_id": null,
            "resource_group_name": "Azuredevops",
            "reverse_fqdn": null,
            "sku": "Basic",
            "sku_tier": "Regional",
            "tags": {
              "environment": "Production"
            },
            "timeouts": null,
            "zones": []
          },
          "sensitive_attributes": [],
          "private": "eyJlMmJmYjczMC1lY2FhLTExZTYtOGY4OC0zNDM2M2JjN2M0YzAiOnsiY3JlYXRlIjoxODAwMDAwMDAwMDAwLCJkZWxldGUiOjE4MDAwMDAwMDAwMDAsInJlYWQiOjMwMDAwMDAwMDAwMCwidXBkYXRlIjoxODAwMDAwMDAwMDAwfX0="
        }
      ]
    },
    {
      "mode": "managed",
      "type": "azurerm_subnet",
      "name": "internal",
      "provider": "provider[\"registry.terraform.io/hashicorp/azurerm\"]",
      "instances": [
        {
          "schema_version": 0,
          "attributes": {
            "address_prefixes": [
              "10.0.2.0/24"
            ],
            "delegation": [],
            "enforce_private_link_endpoint_network_policies": false,
            "enforce_private_link_service_network_policies": false,
            "id": "/subscriptions/7c7d6a08-6630-41e6-9087-a19703fef514/resourceGroups/Azuredevops/providers/Microsoft.Network/virtualNetworks/TestWebServerWithTF-network/subnets/internal",
            "name": "internal",
            "resource_group_name": "Azuredevops",
            "service_endpoint_policy_ids": [],
            "service_endpoints": [],
            "timeouts": null,
            "virtual_network_name": "TestWebServerWithTF-network"
          },
          "sensitive_attributes": [],
          "private": "eyJlMmJmYjczMC1lY2FhLTExZTYtOGY4OC0zNDM2M2JjN2M0YzAiOnsiY3JlYXRlIjoxODAwMDAwMDAwMDAwLCJkZWxldGUiOjE4MDAwMDAwMDAwMDAsInJlYWQiOjMwMDAwMDAwMDAwMCwidXBkYXRlIjoxODAwMDAwMDAwMDAwfX0=",
          "dependencies": [
            "azurerm_virtual_network.main"
          ]
        }
      ]
    },
    {
      "mode": "managed",
      "type": "azurerm_virtual_network",
      "name": "main",
      "provider": "provider[\"registry.terraform.io/hashicorp/azurerm\"]",
      "instances": [
        {
          "schema_version": 0,
          "attributes": {
            "address_space": [
              "10.0.0.0/22"
            ],
            "bgp_community": "",
            "ddos_protection_plan": [],
            "dns_servers": [],
            "edge_zone": "",
            "flow_timeout_in_minutes": 0,
            "guid": "a6010133-b478-4aad-a1a5-3c01390755d7",
            "id": "/subscriptions/7c7d6a08-6630-41e6-9087-a19703fef514/resourceGroups/Azuredevops/providers/Microsoft.Network/virtualNetworks/TestWebServerWithTF-network",
            "location": "eastus",
            "name": "TestWebServerWithTF-network",
            "resource_group_name": "Azuredevops",
            "subnet": [
              {
                "address_prefix": "10.0.2.0/24",
                "id": "/subscriptions/7c7d6a08-6630-41e6-9087-a19703fef514/resourceGroups/Azuredevops/providers/Microsoft.Network/virtualNetworks/TestWebServerWithTF-network/subnets/internal",
                "name": "internal",
                "security_group": ""
              }
            ],
            "tags": {
              "environment": "Production"
            },
            "timeouts": null
          },
          "sensitive_attributes": [],
          "private": "eyJlMmJmYjczMC1lY2FhLTExZTYtOGY4OC0zNDM2M2JjN2M0YzAiOnsiY3JlYXRlIjoxODAwMDAwMDAwMDAwLCJkZWxldGUiOjE4MDAwMDAwMDAwMDAsInJlYWQiOjMwMDAwMDAwMDAwMCwidXBkYXRlIjoxODAwMDAwMDAwMDAwfX0="
        }
      ]
    }
  ]
}
